
Microsoft Visual Studio Solution File, Format Version 12.00
# Visual Studio Version 16
VisualStudioVersion = 16.0.29411.108
MinimumVisualStudioVersion = 15.0.26124.0
Project("{2150E333-8FDC-42A3-9474-1A3956D46DE8}") = "src", "src", "{D600B77D-A09A-46DD-8F39-508D6C6EDAC3}"
EndProject
Project("{9A19103F-16F7-4668-BE54-9A1E7A4F7556}") = "W4k.AspNetCore.Correlator", "src\W4k.AspNetCore.Correlator\W4k.AspNetCore.Correlator.csproj", "{E26DF9D3-FAB1-48A2-9D42-F33282AD019C}"
EndProject
Project("{2150E333-8FDC-42A3-9474-1A3956D46DE8}") = "test", "test", "{C0698901-3482-428B-8863-D631F0304244}"
EndProject
Project("{9A19103F-16F7-4668-BE54-9A1E7A4F7556}") = "W4k.AspNetCore.Correlator.IntegrationTests", "test\W4k.AspNetCore.Correlator.IntegrationTests\W4k.AspNetCore.Correlator.IntegrationTests.csproj", "{74E1A843-6D1A-457A-9F1A-C89A368F59EE}"
EndProject
Project("{9A19103F-16F7-4668-BE54-9A1E7A4F7556}") = "W4k.AspNetCore.Correlator.UnitTests", "test\W4k.AspNetCore.Correlator.UnitTests\W4k.AspNetCore.Correlator.UnitTests.csproj", "{80908A90-2E8C-416C-91AF-FBA9A23D58D3}"
EndProject
Project("{2150E333-8FDC-42A3-9474-1A3956D46DE8}") = "solution", "solution", "{8FE80DF2-87C8-4639-AFB8-C97980565E70}"
	ProjectSection(SolutionItems) = preProject
		.editorconfig = .editorconfig
		.gitattributes = .gitattributes
		.gitignore = .gitignore
		LICENSE = LICENSE
		README.md = README.md
		run-bench-cmp.bat = run-bench-cmp.bat
		run-bench.bat = run-bench.bat
		stylecop.json = stylecop.json
	EndProjectSection
EndProject
Project("{9A19103F-16F7-4668-BE54-9A1E7A4F7556}") = "W4k.AspNetCore.Correlator.Example.NetCore3.1", "samples\W4k.AspNetCore.Correlator.Example.NetCore3.1\W4k.AspNetCore.Correlator.Example.NetCore3.1.csproj", "{0FD3E847-FE2A-49B9-B87E-6F15226AFE6F}"
EndProject
Project("{2150E333-8FDC-42A3-9474-1A3956D46DE8}") = "samples", "samples", "{260DCE5E-0649-40BF-9E55-84DFEBFC4F78}"
EndProject
Project("{2150E333-8FDC-42A3-9474-1A3956D46DE8}") = ".github", ".github", "{5CA4490C-CA01-4C12-98B2-695FA3D2B821}"
EndProject
Project("{2150E333-8FDC-42A3-9474-1A3956D46DE8}") = "workflows", "workflows", "{59A6F617-4EF1-40BD-8759-280E90DDB789}"
	ProjectSection(SolutionItems) = preProject
		.github\workflows\ci.yml = .github\workflows\ci.yml
		.github\workflows\cover.yml = .github\workflows\cover.yml
		.github\workflows\pack.yml = .github\workflows\pack.yml
	EndProjectSection
EndProject
Project("{2150E333-8FDC-42A3-9474-1A3956D46DE8}") = "docs", "docs", "{F009A71B-E880-438C-8AE4-3DD8D970E130}"
	ProjectSection(SolutionItems) = preProject
		docs\alternatives.md = docs\alternatives.md
		docs\components.md = docs\components.md
		docs\configuration.md = docs\configuration.md
		docs\registration.md = docs\registration.md
	EndProjectSection
EndProject
Project("{9A19103F-16F7-4668-BE54-9A1E7A4F7556}") = "W4k.AspNetCore.Correlator.Example.NetCore2.1", "samples\W4k.AspNetCore.Correlator.Example.NetCore2.1\W4k.AspNetCore.Correlator.Example.NetCore2.1.csproj", "{BDA21198-DAEC-48BB-AE3E-B96ADF3F821D}"
EndProject
Project("{2150E333-8FDC-42A3-9474-1A3956D46DE8}") = "benchmarks", "benchmarks", "{9EDC1077-4896-40B8-9D5C-D259D9B82890}"
EndProject
Project("{9A19103F-16F7-4668-BE54-9A1E7A4F7556}") = "W4k.AspNetCore.Correlator.Benchmarks", "benchmarks\W4k.AspNetCore.Correlator.Benchmarks\W4k.AspNetCore.Correlator.Benchmarks.csproj", "{E664BDE9-C851-4D1C-87DB-05995AA6440F}"
EndProject
Project("{FAE04EC0-301F-11D3-BF4B-00C04F79EFBC}") = "W4k.AspNetCore.Correlator.Example.NetCore5.0", "samples\W4k.AspNetCore.Correlator.Example.NetCore5.0\W4k.AspNetCore.Correlator.Example.NetCore5.0.csproj", "{3B3C5105-08C5-4CD3-9E90-355A2720AEF0}"
EndProject
Global
	GlobalSection(SolutionConfigurationPlatforms) = preSolution
		Debug|Any CPU = Debug|Any CPU
		Debug|x64 = Debug|x64
		Debug|x86 = Debug|x86
		Release|Any CPU = Release|Any CPU
		Release|x64 = Release|x64
		Release|x86 = Release|x86
	EndGlobalSection
	GlobalSection(ProjectConfigurationPlatforms) = postSolution
		{E26DF9D3-FAB1-48A2-9D42-F33282AD019C}.Debug|Any CPU.ActiveCfg = Debug|Any CPU
		{E26DF9D3-FAB1-48A2-9D42-F33282AD019C}.Debug|Any CPU.Build.0 = Debug|Any CPU
		{E26DF9D3-FAB1-48A2-9D42-F33282AD019C}.Debug|x64.ActiveCfg = Debug|Any CPU
		{E26DF9D3-FAB1-48A2-9D42-F33282AD019C}.Debug|x64.Build.0 = Debug|Any CPU
		{E26DF9D3-FAB1-48A2-9D42-F33282AD019C}.Debug|x86.ActiveCfg = Debug|Any CPU
		{E26DF9D3-FAB1-48A2-9D42-F33282AD019C}.Debug|x86.Build.0 = Debug|Any CPU
		{E26DF9D3-FAB1-48A2-9D42-F33282AD019C}.Release|Any CPU.ActiveCfg = Release|Any CPU
		{E26DF9D3-FAB1-48A2-9D42-F33282AD019C}.Release|Any CPU.Build.0 = Release|Any CPU
		{E26DF9D3-FAB1-48A2-9D42-F33282AD019C}.Release|x64.ActiveCfg = Release|Any CPU
		{E26DF9D3-FAB1-48A2-9D42-F33282AD019C}.Release|x64.Build.0 = Release|Any CPU
		{E26DF9D3-FAB1-48A2-9D42-F33282AD019C}.Release|x86.ActiveCfg = Release|Any CPU
		{E26DF9D3-FAB1-48A2-9D42-F33282AD019C}.Release|x86.Build.0 = Release|Any CPU
		{74E1A843-6D1A-457A-9F1A-C89A368F59EE}.Debug|Any CPU.ActiveCfg = Debug|Any CPU
		{74E1A843-6D1A-457A-9F1A-C89A368F59EE}.Debug|Any CPU.Build.0 = Debug|Any CPU
		{74E1A843-6D1A-457A-9F1A-C89A368F59EE}.Debug|x64.ActiveCfg = Debug|Any CPU
		{74E1A843-6D1A-457A-9F1A-C89A368F59EE}.Debug|x64.Build.0 = Debug|Any CPU
		{74E1A843-6D1A-457A-9F1A-C89A368F59EE}.Debug|x86.ActiveCfg = Debug|Any CPU
		{74E1A843-6D1A-457A-9F1A-C89A368F59EE}.Debug|x86.Build.0 = Debug|Any CPU
		{74E1A843-6D1A-457A-9F1A-C89A368F59EE}.Release|Any CPU.ActiveCfg = Release|Any CPU
		{74E1A843-6D1A-457A-9F1A-C89A368F59EE}.Release|Any CPU.Build.0 = Release|Any CPU
		{74E1A843-6D1A-457A-9F1A-C89A368F59EE}.Release|x64.ActiveCfg = Release|Any CPU
		{74E1A843-6D1A-457A-9F1A-C89A368F59EE}.Release|x64.Build.0 = Release|Any CPU
		{74E1A843-6D1A-457A-9F1A-C89A368F59EE}.Release|x86.ActiveCfg = Release|Any CPU
		{74E1A843-6D1A-457A-9F1A-C89A368F59EE}.Release|x86.Build.0 = Release|Any CPU
		{80908A90-2E8C-416C-91AF-FBA9A23D58D3}.Debug|Any CPU.ActiveCfg = Debug|Any CPU
		{80908A90-2E8C-416C-91AF-FBA9A23D58D3}.Debug|Any CPU.Build.0 = Debug|Any CPU
		{80908A90-2E8C-416C-91AF-FBA9A23D58D3}.Debug|x64.ActiveCfg = Debug|Any CPU
		{80908A90-2E8C-416C-91AF-FBA9A23D58D3}.Debug|x64.Build.0 = Debug|Any CPU
		{80908A90-2E8C-416C-91AF-FBA9A23D58D3}.Debug|x86.ActiveCfg = Debug|Any CPU
		{80908A90-2E8C-416C-91AF-FBA9A23D58D3}.Debug|x86.Build.0 = Debug|Any CPU
		{80908A90-2E8C-416C-91AF-FBA9A23D58D3}.Release|Any CPU.ActiveCfg = Release|Any CPU
		{80908A90-2E8C-416C-91AF-FBA9A23D58D3}.Release|Any CPU.Build.0 = Release|Any CPU
		{80908A90-2E8C-416C-91AF-FBA9A23D58D3}.Release|x64.ActiveCfg = Release|Any CPU
		{80908A90-2E8C-416C-91AF-FBA9A23D58D3}.Release|x64.Build.0 = Release|Any CPU
		{80908A90-2E8C-416C-91AF-FBA9A23D58D3}.Release|x86.ActiveCfg = Release|Any CPU
		{80908A90-2E8C-416C-91AF-FBA9A23D58D3}.Release|x86.Build.0 = Release|Any CPU
		{0FD3E847-FE2A-49B9-B87E-6F15226AFE6F}.Debug|Any CPU.ActiveCfg = Debug|Any CPU
		{0FD3E847-FE2A-49B9-B87E-6F15226AFE6F}.Debug|Any CPU.Build.0 = Debug|Any CPU
		{0FD3E847-FE2A-49B9-B87E-6F15226AFE6F}.Debug|x64.ActiveCfg = Debug|Any CPU
		{0FD3E847-FE2A-49B9-B87E-6F15226AFE6F}.Debug|x64.Build.0 = Debug|Any CPU
		{0FD3E847-FE2A-49B9-B87E-6F15226AFE6F}.Debug|x86.ActiveCfg = Debug|Any CPU
		{0FD3E847-FE2A-49B9-B87E-6F15226AFE6F}.Debug|x86.Build.0 = Debug|Any CPU
		{0FD3E847-FE2A-49B9-B87E-6F15226AFE6F}.Release|Any CPU.ActiveCfg = Release|Any CPU
		{0FD3E847-FE2A-49B9-B87E-6F15226AFE6F}.Release|Any CPU.Build.0 = Release|Any CPU
		{0FD3E847-FE2A-49B9-B87E-6F15226AFE6F}.Release|x64.ActiveCfg = Release|Any CPU
		{0FD3E847-FE2A-49B9-B87E-6F15226AFE6F}.Release|x64.Build.0 = Release|Any CPU
		{0FD3E847-FE2A-49B9-B87E-6F15226AFE6F}.Release|x86.ActiveCfg = Release|Any CPU
		{0FD3E847-FE2A-49B9-B87E-6F15226AFE6F}.Release|x86.Build.0 = Release|Any CPU
		{BDA21198-DAEC-48BB-AE3E-B96ADF3F821D}.Debug|Any CPU.ActiveCfg = Debug|Any CPU
		{BDA21198-DAEC-48BB-AE3E-B96ADF3F821D}.Debug|Any CPU.Build.0 = Debug|Any CPU
		{BDA21198-DAEC-48BB-AE3E-B96ADF3F821D}.Debug|x64.ActiveCfg = Debug|Any CPU
		{BDA21198-DAEC-48BB-AE3E-B96ADF3F821D}.Debug|x64.Build.0 = Debug|Any CPU
		{BDA21198-DAEC-48BB-AE3E-B96ADF3F821D}.Debug|x86.ActiveCfg = Debug|Any CPU
		{BDA21198-DAEC-48BB-AE3E-B96ADF3F821D}.Debug|x86.Build.0 = Debug|Any CPU
		{BDA21198-DAEC-48BB-AE3E-B96ADF3F821D}.Release|Any CPU.ActiveCfg = Release|Any CPU
		{BDA21198-DAEC-48BB-AE3E-B96ADF3F821D}.Release|Any CPU.Build.0 = Release|Any CPU
		{BDA21198-DAEC-48BB-AE3E-B96ADF3F821D}.Release|x64.ActiveCfg = Release|Any CPU
		{BDA21198-DAEC-48BB-AE3E-B96ADF3F821D}.Release|x64.Build.0 = Release|Any CPU
		{BDA21198-DAEC-48BB-AE3E-B96ADF3F821D}.Release|x86.ActiveCfg = Release|Any CPU
		{BDA21198-DAEC-48BB-AE3E-B96ADF3F821D}.Release|x86.Build.0 = Release|Any CPU
		{E664BDE9-C851-4D1C-87DB-05995AA6440F}.Debug|Any CPU.ActiveCfg = Debug|Any CPU
		{E664BDE9-C851-4D1C-87DB-05995AA6440F}.Debug|Any CPU.Build.0 = Debug|Any CPU
		{E664BDE9-C851-4D1C-87DB-05995AA6440F}.Debug|x64.ActiveCfg = Debug|Any CPU
		{E664BDE9-C851-4D1C-87DB-05995AA6440F}.Debug|x64.Build.0 = Debug|Any CPU
		{E664BDE9-C851-4D1C-87DB-05995AA6440F}.Debug|x86.ActiveCfg = Debug|Any CPU
		{E664BDE9-C851-4D1C-87DB-05995AA6440F}.Debug|x86.Build.0 = Debug|Any CPU
		{E664BDE9-C851-4D1C-87DB-05995AA6440F}.Release|Any CPU.ActiveCfg = Release|Any CPU
		{E664BDE9-C851-4D1C-87DB-05995AA6440F}.Release|Any CPU.Build.0 = Release|Any CPU
		{E664BDE9-C851-4D1C-87DB-05995AA6440F}.Release|x64.ActiveCfg = Release|Any CPU
		{E664BDE9-C851-4D1C-87DB-05995AA6440F}.Release|x64.Build.0 = Release|Any CPU
		{E664BDE9-C851-4D1C-87DB-05995AA6440F}.Release|x86.ActiveCfg = Release|Any CPU
		{E664BDE9-C851-4D1C-87DB-05995AA6440F}.Release|x86.Build.0 = Release|Any CPU
		{3B3C5105-08C5-4CD3-9E90-355A2720AEF0}.Debug|Any CPU.ActiveCfg = Debug|Any CPU
		{3B3C5105-08C5-4CD3-9E90-355A2720AEF0}.Debug|Any CPU.Build.0 = Debug|Any CPU
		{3B3C5105-08C5-4CD3-9E90-355A2720AEF0}.Debug|x64.ActiveCfg = Debug|Any CPU
		{3B3C5105-08C5-4CD3-9E90-355A2720AEF0}.Debug|x64.Build.0 = Debug|Any CPU
		{3B3C5105-08C5-4CD3-9E90-355A2720AEF0}.Debug|x86.ActiveCfg = Debug|Any CPU
		{3B3C5105-08C5-4CD3-9E90-355A2720AEF0}.Debug|x86.Build.0 = Debug|Any CPU
		{3B3C5105-08C5-4CD3-9E90-355A2720AEF0}.Release|Any CPU.ActiveCfg = Release|Any CPU
		{3B3C5105-08C5-4CD3-9E90-355A2720AEF0}.Release|Any CPU.Build.0 = Release|Any CPU
		{3B3C5105-08C5-4CD3-9E90-355A2720AEF0}.Release|x64.ActiveCfg = Release|Any CPU
		{3B3C5105-08C5-4CD3-9E90-355A2720AEF0}.Release|x64.Build.0 = Release|Any CPU
		{3B3C5105-08C5-4CD3-9E90-355A2720AEF0}.Release|x86.ActiveCfg = Release|Any CPU
		{3B3C5105-08C5-4CD3-9E90-355A2720AEF0}.Release|x86.Build.0 = Release|Any CPU
	EndGlobalSection
	GlobalSection(SolutionProperties) = preSolution
		HideSolutionNode = FALSE
	EndGlobalSection
	GlobalSection(NestedProjects) = preSolution
		{E26DF9D3-FAB1-48A2-9D42-F33282AD019C} = {D600B77D-A09A-46DD-8F39-508D6C6EDAC3}
		{74E1A843-6D1A-457A-9F1A-C89A368F59EE} = {C0698901-3482-428B-8863-D631F0304244}
		{80908A90-2E8C-416C-91AF-FBA9A23D58D3} = {C0698901-3482-428B-8863-D631F0304244}
		{0FD3E847-FE2A-49B9-B87E-6F15226AFE6F} = {260DCE5E-0649-40BF-9E55-84DFEBFC4F78}
		{5CA4490C-CA01-4C12-98B2-695FA3D2B821} = {8FE80DF2-87C8-4639-AFB8-C97980565E70}
		{59A6F617-4EF1-40BD-8759-280E90DDB789} = {5CA4490C-CA01-4C12-98B2-695FA3D2B821}
		{BDA21198-DAEC-48BB-AE3E-B96ADF3F821D} = {260DCE5E-0649-40BF-9E55-84DFEBFC4F78}
		{E664BDE9-C851-4D1C-87DB-05995AA6440F} = {9EDC1077-4896-40B8-9D5C-D259D9B82890}
		{3B3C5105-08C5-4CD3-9E90-355A2720AEF0} = {260DCE5E-0649-40BF-9E55-84DFEBFC4F78}
	EndGlobalSection
	GlobalSection(ExtensibilityGlobals) = postSolution
		SolutionGuid = {5A4C3F87-5A3E-4AD2-AD75-AAE43EB7227A}
	EndGlobalSection
EndGlobal
